// !$*UTF8*$!
{
	archiveVersion = 1;
	classes = {
	};
	objectVersion = 50;
	objects = {

/* Begin PBXBuildFile section */
		FC1B567225C8E7BB008E85F5 /* XDTAFHTTPHeader.h in Headers */ = {isa = PBXBuildFile; fileRef = FC1B567025C8E7BB008E85F5 /* XDTAFHTTPHeader.h */; };
		FC1B567325C8E7BB008E85F5 /* XDTAFHTTPHeader.m in Sources */ = {isa = PBXBuildFile; fileRef = FC1B567125C8E7BB008E85F5 /* XDTAFHTTPHeader.m */; };
		FC1B567725C92648008E85F5 /* XDTAFHTTPCommon.h in Headers */ = {isa = PBXBuildFile; fileRef = FC1B567525C92648008E85F5 /* XDTAFHTTPCommon.h */; };
		FC1B567825C92648008E85F5 /* XDTAFHTTPCommon.m in Sources */ = {isa = PBXBuildFile; fileRef = FC1B567625C92648008E85F5 /* XDTAFHTTPCommon.m */; };
		FC1B567C25C92963008E85F5 /* XDTAFHTTPRequest.h in Headers */ = {isa = PBXBuildFile; fileRef = FC1B567A25C92963008E85F5 /* XDTAFHTTPRequest.h */; };
		FC1B567D25C92963008E85F5 /* XDTAFHTTPRequest.m in Sources */ = {isa = PBXBuildFile; fileRef = FC1B567B25C92963008E85F5 /* XDTAFHTTPRequest.m */; };
		FC1B568125C92BAF008E85F5 /* XDTAFHTTP.h in Headers */ = {isa = PBXBuildFile; fileRef = FC1B567F25C92BAF008E85F5 /* XDTAFHTTP.h */; };
		FC1B568225C92BAF008E85F5 /* XDTAFHTTP.m in Sources */ = {isa = PBXBuildFile; fileRef = FC1B568025C92BAF008E85F5 /* XDTAFHTTP.m */; };
		FC1B568625C92C60008E85F5 /* XDTAFHTTPResponse.h in Headers */ = {isa = PBXBuildFile; fileRef = FC1B568425C92C5F008E85F5 /* XDTAFHTTPResponse.h */; };
		FC1B568725C92C60008E85F5 /* XDTAFHTTPResponse.m in Sources */ = {isa = PBXBuildFile; fileRef = FC1B568525C92C60008E85F5 /* XDTAFHTTPResponse.m */; };
		FC1B568C25C93E3B008E85F5 /* XDTAFHTTPAFNHelper.h in Headers */ = {isa = PBXBuildFile; fileRef = FC1B568A25C93E3B008E85F5 /* XDTAFHTTPAFNHelper.h */; };
		FC1B568D25C93E3B008E85F5 /* XDTAFHTTPAFNHelper.m in Sources */ = {isa = PBXBuildFile; fileRef = FC1B568B25C93E3B008E85F5 /* XDTAFHTTPAFNHelper.m */; };
		FC57F7BE25CBE5FE00A752E1 /* XDTAFNSString.h in Headers */ = {isa = PBXBuildFile; fileRef = FC57F7BC25CBE5FE00A752E1 /* XDTAFNSString.h */; };
		FC57F7BF25CBE5FE00A752E1 /* XDTAFNSString.m in Sources */ = {isa = PBXBuildFile; fileRef = FC57F7BD25CBE5FE00A752E1 /* XDTAFNSString.m */; };
		FC57F7C325CBE60D00A752E1 /* XDTAFNSData.h in Headers */ = {isa = PBXBuildFile; fileRef = FC57F7C125CBE60D00A752E1 /* XDTAFNSData.h */; };
		FC57F7C425CBE60D00A752E1 /* XDTAFNSData.m in Sources */ = {isa = PBXBuildFile; fileRef = FC57F7C225CBE60D00A752E1 /* XDTAFNSData.m */; };
		FC57F7CA25CBE74100A752E1 /* XDTAFHash.h in Headers */ = {isa = PBXBuildFile; fileRef = FC57F7C825CBE74100A752E1 /* XDTAFHash.h */; };
		FC57F7CB25CBE74100A752E1 /* XDTAFHash.m in Sources */ = {isa = PBXBuildFile; fileRef = FC57F7C925CBE74100A752E1 /* XDTAFHash.m */; };
		FC57F7F325CBEB2100A752E1 /* mz_strm_os_posix.c in Sources */ = {isa = PBXBuildFile; fileRef = FC57F7D225CBEB2100A752E1 /* mz_strm_os_posix.c */; };
		FC57F7F425CBEB2100A752E1 /* mz_strm_pkcrypt.c in Sources */ = {isa = PBXBuildFile; fileRef = FC57F7D325CBEB2100A752E1 /* mz_strm_pkcrypt.c */; };
		FC57F7F525CBEB2100A752E1 /* mz_strm_wzaes.h in Headers */ = {isa = PBXBuildFile; fileRef = FC57F7D425CBEB2100A752E1 /* mz_strm_wzaes.h */; };
		FC57F7F625CBEB2100A752E1 /* mz_compat.h in Headers */ = {isa = PBXBuildFile; fileRef = FC57F7D525CBEB2100A752E1 /* mz_compat.h */; };
		FC57F7F725CBEB2100A752E1 /* mz_strm_zlib.c in Sources */ = {isa = PBXBuildFile; fileRef = FC57F7D625CBEB2100A752E1 /* mz_strm_zlib.c */; };
		FC57F7F825CBEB2100A752E1 /* mz_zip.c in Sources */ = {isa = PBXBuildFile; fileRef = FC57F7D725CBEB2100A752E1 /* mz_zip.c */; };
		FC57F7F925CBEB2100A752E1 /* mz_os.h in Headers */ = {isa = PBXBuildFile; fileRef = FC57F7D825CBEB2100A752E1 /* mz_os.h */; };
		FC57F7FA25CBEB2100A752E1 /* LICENSE in Resources */ = {isa = PBXBuildFile; fileRef = FC57F7D925CBEB2100A752E1 /* LICENSE */; };
		FC57F7FB25CBEB2100A752E1 /* mz_zip_rw.c in Sources */ = {isa = PBXBuildFile; fileRef = FC57F7DA25CBEB2100A752E1 /* mz_zip_rw.c */; };
		FC57F7FC25CBEB2100A752E1 /* mz_strm_split.h in Headers */ = {isa = PBXBuildFile; fileRef = FC57F7DB25CBEB2100A752E1 /* mz_strm_split.h */; };
		FC57F7FD25CBEB2100A752E1 /* mz_strm_buf.h in Headers */ = {isa = PBXBuildFile; fileRef = FC57F7DC25CBEB2100A752E1 /* mz_strm_buf.h */; };
		FC57F7FE25CBEB2100A752E1 /* mz_crypt_apple.c in Sources */ = {isa = PBXBuildFile; fileRef = FC57F7DD25CBEB2100A752E1 /* mz_crypt_apple.c */; };
		FC57F7FF25CBEB2100A752E1 /* mz_strm.h in Headers */ = {isa = PBXBuildFile; fileRef = FC57F7DE25CBEB2100A752E1 /* mz_strm.h */; };
		FC57F80025CBEB2100A752E1 /* mz_strm_mem.c in Sources */ = {isa = PBXBuildFile; fileRef = FC57F7DF25CBEB2100A752E1 /* mz_strm_mem.c */; };
		FC57F80125CBEB2100A752E1 /* mz_crypt.c in Sources */ = {isa = PBXBuildFile; fileRef = FC57F7E025CBEB2100A752E1 /* mz_crypt.c */; };
		FC57F80225CBEB2100A752E1 /* mz_strm_wzaes.c in Sources */ = {isa = PBXBuildFile; fileRef = FC57F7E125CBEB2100A752E1 /* mz_strm_wzaes.c */; };
		FC57F80325CBEB2100A752E1 /* mz_strm_zlib.h in Headers */ = {isa = PBXBuildFile; fileRef = FC57F7E225CBEB2100A752E1 /* mz_strm_zlib.h */; };
		FC57F80425CBEB2100A752E1 /* mz_compat.c in Sources */ = {isa = PBXBuildFile; fileRef = FC57F7E325CBEB2100A752E1 /* mz_compat.c */; };
		FC57F80525CBEB2100A752E1 /* mz_strm_pkcrypt.h in Headers */ = {isa = PBXBuildFile; fileRef = FC57F7E425CBEB2100A752E1 /* mz_strm_pkcrypt.h */; };
		FC57F80625CBEB2100A752E1 /* mz_zip_rw.h in Headers */ = {isa = PBXBuildFile; fileRef = FC57F7E525CBEB2100A752E1 /* mz_zip_rw.h */; };
		FC57F80725CBEB2200A752E1 /* mz_os.c in Sources */ = {isa = PBXBuildFile; fileRef = FC57F7E625CBEB2100A752E1 /* mz_os.c */; };
		FC57F80825CBEB2200A752E1 /* mz_zip.h in Headers */ = {isa = PBXBuildFile; fileRef = FC57F7E725CBEB2100A752E1 /* mz_zip.h */; };
		FC57F80925CBEB2200A752E1 /* mz_os_posix.c in Sources */ = {isa = PBXBuildFile; fileRef = FC57F7E825CBEB2100A752E1 /* mz_os_posix.c */; };
		FC57F80A25CBEB2200A752E1 /* mz.h in Headers */ = {isa = PBXBuildFile; fileRef = FC57F7E925CBEB2100A752E1 /* mz.h */; };
		FC57F80B25CBEB2200A752E1 /* mz_strm_buf.c in Sources */ = {isa = PBXBuildFile; fileRef = FC57F7EA25CBEB2100A752E1 /* mz_strm_buf.c */; };
		FC57F80C25CBEB2200A752E1 /* mz_strm_split.c in Sources */ = {isa = PBXBuildFile; fileRef = FC57F7EB25CBEB2100A752E1 /* mz_strm_split.c */; };
		FC57F80D25CBEB2200A752E1 /* mz_crypt.h in Headers */ = {isa = PBXBuildFile; fileRef = FC57F7EC25CBEB2100A752E1 /* mz_crypt.h */; };
		FC57F80E25CBEB2200A752E1 /* mz_strm_mem.h in Headers */ = {isa = PBXBuildFile; fileRef = FC57F7ED25CBEB2100A752E1 /* mz_strm_mem.h */; };
		FC57F80F25CBEB2200A752E1 /* mz_strm.c in Sources */ = {isa = PBXBuildFile; fileRef = FC57F7EE25CBEB2100A752E1 /* mz_strm.c */; };
		FC57F81025CBEB2200A752E1 /* mz_strm_os.h in Headers */ = {isa = PBXBuildFile; fileRef = FC57F7EF25CBEB2100A752E1 /* mz_strm_os.h */; };
		FC57F81125CBEB2200A752E1 /* SSZipArchive.h in Headers */ = {isa = PBXBuildFile; fileRef = FC57F7F025CBEB2100A752E1 /* SSZipArchive.h */; };
		FC57F81225CBEB2200A752E1 /* SSZipCommon.h in Headers */ = {isa = PBXBuildFile; fileRef = FC57F7F125CBEB2100A752E1 /* SSZipCommon.h */; };
		FC57F81325CBEB2200A752E1 /* SSZipArchive.m in Sources */ = {isa = PBXBuildFile; fileRef = FC57F7F225CBEB2100A752E1 /* SSZipArchive.m */; };
		FC57F82925CBEC9100A752E1 /* SAMKeychainQuery.m in Sources */ = {isa = PBXBuildFile; fileRef = FC57F81925CBEC9100A752E1 /* SAMKeychainQuery.m */; };
		FC57F82A25CBEC9100A752E1 /* SAMKeychain.h in Headers */ = {isa = PBXBuildFile; fileRef = FC57F81A25CBEC9100A752E1 /* SAMKeychain.h */; };
		FC57F82B25CBEC9100A752E1 /* SAMKeychainQuery.h in Headers */ = {isa = PBXBuildFile; fileRef = FC57F81B25CBEC9100A752E1 /* SAMKeychainQuery.h */; };
		FC57F82C25CBEC9100A752E1 /* SAMKeychain.m in Sources */ = {isa = PBXBuildFile; fileRef = FC57F81C25CBEC9100A752E1 /* SAMKeychain.m */; };
		FC57F82D25CBEC9100A752E1 /* FMDatabase.h in Headers */ = {isa = PBXBuildFile; fileRef = FC57F81E25CBEC9100A752E1 /* FMDatabase.h */; };
		FC57F82E25CBEC9100A752E1 /* FMDatabaseQueue.m in Sources */ = {isa = PBXBuildFile; fileRef = FC57F81F25CBEC9100A752E1 /* FMDatabaseQueue.m */; };
		FC57F82F25CBEC9100A752E1 /* FMResultSet.h in Headers */ = {isa = PBXBuildFile; fileRef = FC57F82025CBEC9100A752E1 /* FMResultSet.h */; };
		FC57F83025CBEC9100A752E1 /* FMDatabasePool.h in Headers */ = {isa = PBXBuildFile; fileRef = FC57F82125CBEC9100A752E1 /* FMDatabasePool.h */; };
		FC57F83125CBEC9100A752E1 /* FMDatabaseAdditions.m in Sources */ = {isa = PBXBuildFile; fileRef = FC57F82225CBEC9100A752E1 /* FMDatabaseAdditions.m */; };
		FC57F83225CBEC9100A752E1 /* FMDatabase.m in Sources */ = {isa = PBXBuildFile; fileRef = FC57F82325CBEC9100A752E1 /* FMDatabase.m */; };
		FC57F83325CBEC9100A752E1 /* FMDatabaseQueue.h in Headers */ = {isa = PBXBuildFile; fileRef = FC57F82425CBEC9100A752E1 /* FMDatabaseQueue.h */; };
		FC57F83425CBEC9100A752E1 /* FMDB.h in Headers */ = {isa = PBXBuildFile; fileRef = FC57F82525CBEC9100A752E1 /* FMDB.h */; };
		FC57F83525CBEC9100A752E1 /* FMDatabaseAdditions.h in Headers */ = {isa = PBXBuildFile; fileRef = FC57F82625CBEC9100A752E1 /* FMDatabaseAdditions.h */; };
		FC57F83625CBEC9100A752E1 /* FMDatabasePool.m in Sources */ = {isa = PBXBuildFile; fileRef = FC57F82725CBEC9100A752E1 /* FMDatabasePool.m */; };
		FC57F83725CBEC9100A752E1 /* FMResultSet.m in Sources */ = {isa = PBXBuildFile; fileRef = FC57F82825CBEC9100A752E1 /* FMResultSet.m */; };
		FC57F84225CBED5900A752E1 /* Security.framework in Frameworks */ = {isa = PBXBuildFile; fileRef = FC57F84125CBED5900A752E1 /* Security.framework */; };
		FC57F85225CBEE6B00A752E1 /* XDTAFHandler.h in Headers */ = {isa = PBXBuildFile; fileRef = FC57F85025CBEE6B00A752E1 /* XDTAFHandler.h */; settings = {ATTRIBUTES = (Public, ); }; };
		FC57F85325CBEE6B00A752E1 /* XDTAFHandler.m in Sources */ = {isa = PBXBuildFile; fileRef = FC57F85125CBEE6B00A752E1 /* XDTAFHandler.m */; };
		FC57F85825CBEEBC00A752E1 /* XDTAFFMDBHelper.h in Headers */ = {isa = PBXBuildFile; fileRef = FC57F85625CBEEBC00A752E1 /* XDTAFFMDBHelper.h */; };
		FC57F85925CBEEBC00A752E1 /* XDTAFFMDBHelper.m in Sources */ = {isa = PBXBuildFile; fileRef = FC57F85725CBEEBC00A752E1 /* XDTAFFMDBHelper.m */; };
		FC7480BC25C83C8B0097EAEF /* Configs.XDTAF.xcconfig in Resources */ = {isa = PBXBuildFile; fileRef = FC7480BB25C83C8B0097EAEF /* Configs.XDTAF.xcconfig */; };
		FCC4490725C7EA85008B3D02 /* XDTAF.h in Headers */ = {isa = PBXBuildFile; fileRef = FCC4490525C7EA85008B3D02 /* XDTAF.h */; settings = {ATTRIBUTES = (Public, ); }; };
/* End PBXBuildFile section */

/* Begin PBXFileReference section */
		FC1B567025C8E7BB008E85F5 /* XDTAFHTTPHeader.h */ = {isa = PBXFileReference; lastKnownFileType = sourcecode.c.h; path = XDTAFHTTPHeader.h; sourceTree = "<group>"; };
		FC1B567125C8E7BB008E85F5 /* XDTAFHTTPHeader.m */ = {isa = PBXFileReference; lastKnownFileType = sourcecode.c.objc; path = XDTAFHTTPHeader.m; sourceTree = "<group>"; };
		FC1B567525C92648008E85F5 /* XDTAFHTTPCommon.h */ = {isa = PBXFileReference; lastKnownFileType = sourcecode.c.h; path = XDTAFHTTPCommon.h; sourceTree = "<group>"; };
		FC1B567625C92648008E85F5 /* XDTAFHTTPCommon.m */ = {isa = PBXFileReference; lastKnownFileType = sourcecode.c.objc; path = XDTAFHTTPCommon.m; sourceTree = "<group>"; };
		FC1B567A25C92963008E85F5 /* XDTAFHTTPRequest.h */ = {isa = PBXFileReference; lastKnownFileType = sourcecode.c.h; path = XDTAFHTTPRequest.h; sourceTree = "<group>"; };
		FC1B567B25C92963008E85F5 /* XDTAFHTTPRequest.m */ = {isa = PBXFileReference; lastKnownFileType = sourcecode.c.objc; path = XDTAFHTTPRequest.m; sourceTree = "<group>"; };
		FC1B567F25C92BAF008E85F5 /* XDTAFHTTP.h */ = {isa = PBXFileReference; lastKnownFileType = sourcecode.c.h; path = XDTAFHTTP.h; sourceTree = "<group>"; };
		FC1B568025C92BAF008E85F5 /* XDTAFHTTP.m */ = {isa = PBXFileReference; lastKnownFileType = sourcecode.c.objc; path = XDTAFHTTP.m; sourceTree = "<group>"; };
		FC1B568425C92C5F008E85F5 /* XDTAFHTTPResponse.h */ = {isa = PBXFileReference; lastKnownFileType = sourcecode.c.h; path = XDTAFHTTPResponse.h; sourceTree = "<group>"; };
		FC1B568525C92C60008E85F5 /* XDTAFHTTPResponse.m */ = {isa = PBXFileReference; lastKnownFileType = sourcecode.c.objc; path = XDTAFHTTPResponse.m; sourceTree = "<group>"; };
		FC1B568A25C93E3B008E85F5 /* XDTAFHTTPAFNHelper.h */ = {isa = PBXFileReference; lastKnownFileType = sourcecode.c.h; path = XDTAFHTTPAFNHelper.h; sourceTree = "<group>"; };
		FC1B568B25C93E3B008E85F5 /* XDTAFHTTPAFNHelper.m */ = {isa = PBXFileReference; lastKnownFileType = sourcecode.c.objc; path = XDTAFHTTPAFNHelper.m; sourceTree = "<group>"; };
		FC57F7BC25CBE5FE00A752E1 /* XDTAFNSString.h */ = {isa = PBXFileReference; lastKnownFileType = sourcecode.c.h; path = XDTAFNSString.h; sourceTree = "<group>"; };
		FC57F7BD25CBE5FE00A752E1 /* XDTAFNSString.m */ = {isa = PBXFileReference; lastKnownFileType = sourcecode.c.objc; path = XDTAFNSString.m; sourceTree = "<group>"; };
		FC57F7C125CBE60D00A752E1 /* XDTAFNSData.h */ = {isa = PBXFileReference; lastKnownFileType = sourcecode.c.h; path = XDTAFNSData.h; sourceTree = "<group>"; };
		FC57F7C225CBE60D00A752E1 /* XDTAFNSData.m */ = {isa = PBXFileReference; lastKnownFileType = sourcecode.c.objc; path = XDTAFNSData.m; sourceTree = "<group>"; };
		FC57F7C825CBE74100A752E1 /* XDTAFHash.h */ = {isa = PBXFileReference; lastKnownFileType = sourcecode.c.h; path = XDTAFHash.h; sourceTree = "<group>"; };
		FC57F7C925CBE74100A752E1 /* XDTAFHash.m */ = {isa = PBXFileReference; lastKnownFileType = sourcecode.c.objc; path = XDTAFHash.m; sourceTree = "<group>"; };
		FC57F7D225CBEB2100A752E1 /* mz_strm_os_posix.c */ = {isa = PBXFileReference; fileEncoding = 4; lastKnownFileType = sourcecode.c.c; path = mz_strm_os_posix.c; sourceTree = "<group>"; };
		FC57F7D325CBEB2100A752E1 /* mz_strm_pkcrypt.c */ = {isa = PBXFileReference; fileEncoding = 4; lastKnownFileType = sourcecode.c.c; path = mz_strm_pkcrypt.c; sourceTree = "<group>"; };
		FC57F7D425CBEB2100A752E1 /* mz_strm_wzaes.h */ = {isa = PBXFileReference; fileEncoding = 4; lastKnownFileType = sourcecode.c.h; path = mz_strm_wzaes.h; sourceTree = "<group>"; };
		FC57F7D525CBEB2100A752E1 /* mz_compat.h */ = {isa = PBXFileReference; fileEncoding = 4; lastKnownFileType = sourcecode.c.h; path = mz_compat.h; sourceTree = "<group>"; };
		FC57F7D625CBEB2100A752E1 /* mz_strm_zlib.c */ = {isa = PBXFileReference; fileEncoding = 4; lastKnownFileType = sourcecode.c.c; path = mz_strm_zlib.c; sourceTree = "<group>"; };
		FC57F7D725CBEB2100A752E1 /* mz_zip.c */ = {isa = PBXFileReference; fileEncoding = 4; lastKnownFileType = sourcecode.c.c; path = mz_zip.c; sourceTree = "<group>"; };
		FC57F7D825CBEB2100A752E1 /* mz_os.h */ = {isa = PBXFileReference; fileEncoding = 4; lastKnownFileType = sourcecode.c.h; path = mz_os.h; sourceTree = "<group>"; };
		FC57F7D925CBEB2100A752E1 /* LICENSE */ = {isa = PBXFileReference; fileEncoding = 4; lastKnownFileType = text; path = LICENSE; sourceTree = "<group>"; };
		FC57F7DA25CBEB2100A752E1 /* mz_zip_rw.c */ = {isa = PBXFileReference; fileEncoding = 4; lastKnownFileType = sourcecode.c.c; path = mz_zip_rw.c; sourceTree = "<group>"; };
		FC57F7DB25CBEB2100A752E1 /* mz_strm_split.h */ = {isa = PBXFileReference; fileEncoding = 4; lastKnownFileType = sourcecode.c.h; path = mz_strm_split.h; sourceTree = "<group>"; };
		FC57F7DC25CBEB2100A752E1 /* mz_strm_buf.h */ = {isa = PBXFileReference; fileEncoding = 4; lastKnownFileType = sourcecode.c.h; path = mz_strm_buf.h; sourceTree = "<group>"; };
		FC57F7DD25CBEB2100A752E1 /* mz_crypt_apple.c */ = {isa = PBXFileReference; fileEncoding = 4; lastKnownFileType = sourcecode.c.c; path = mz_crypt_apple.c; sourceTree = "<group>"; };
		FC57F7DE25CBEB2100A752E1 /* mz_strm.h */ = {isa = PBXFileReference; fileEncoding = 4; lastKnownFileType = sourcecode.c.h; path = mz_strm.h; sourceTree = "<group>"; };
		FC57F7DF25CBEB2100A752E1 /* mz_strm_mem.c */ = {isa = PBXFileReference; fileEncoding = 4; lastKnownFileType = sourcecode.c.c; path = mz_strm_mem.c; sourceTree = "<group>"; };
		FC57F7E025CBEB2100A752E1 /* mz_crypt.c */ = {isa = PBXFileReference; fileEncoding = 4; lastKnownFileType = sourcecode.c.c; path = mz_crypt.c; sourceTree = "<group>"; };
		FC57F7E125CBEB2100A752E1 /* mz_strm_wzaes.c */ = {isa = PBXFileReference; fileEncoding = 4; lastKnownFileType = sourcecode.c.c; path = mz_strm_wzaes.c; sourceTree = "<group>"; };
		FC57F7E225CBEB2100A752E1 /* mz_strm_zlib.h */ = {isa = PBXFileReference; fileEncoding = 4; lastKnownFileType = sourcecode.c.h; path = mz_strm_zlib.h; sourceTree = "<group>"; };
		FC57F7E325CBEB2100A752E1 /* mz_compat.c */ = {isa = PBXFileReference; fileEncoding = 4; lastKnownFileType = sourcecode.c.c; path = mz_compat.c; sourceTree = "<group>"; };
		FC57F7E425CBEB2100A752E1 /* mz_strm_pkcrypt.h */ = {isa = PBXFileReference; fileEncoding = 4; lastKnownFileType = sourcecode.c.h; path = mz_strm_pkcrypt.h; sourceTree = "<group>"; };
		FC57F7E525CBEB2100A752E1 /* mz_zip_rw.h */ = {isa = PBXFileReference; fileEncoding = 4; lastKnownFileType = sourcecode.c.h; path = mz_zip_rw.h; sourceTree = "<group>"; };
		FC57F7E625CBEB2100A752E1 /* mz_os.c */ = {isa = PBXFileReference; fileEncoding = 4; lastKnownFileType = sourcecode.c.c; path = mz_os.c; sourceTree = "<group>"; };
		FC57F7E725CBEB2100A752E1 /* mz_zip.h */ = {isa = PBXFileReference; fileEncoding = 4; lastKnownFileType = sourcecode.c.h; path = mz_zip.h; sourceTree = "<group>"; };
		FC57F7E825CBEB2100A752E1 /* mz_os_posix.c */ = {isa = PBXFileReference; fileEncoding = 4; lastKnownFileType = sourcecode.c.c; path = mz_os_posix.c; sourceTree = "<group>"; };
		FC57F7E925CBEB2100A752E1 /* mz.h */ = {isa = PBXFileReference; fileEncoding = 4; lastKnownFileType = sourcecode.c.h; path = mz.h; sourceTree = "<group>"; };
		FC57F7EA25CBEB2100A752E1 /* mz_strm_buf.c */ = {isa = PBXFileReference; fileEncoding = 4; lastKnownFileType = sourcecode.c.c; path = mz_strm_buf.c; sourceTree = "<group>"; };
		FC57F7EB25CBEB2100A752E1 /* mz_strm_split.c */ = {isa = PBXFileReference; fileEncoding = 4; lastKnownFileType = sourcecode.c.c; path = mz_strm_split.c; sourceTree = "<group>"; };
		FC57F7EC25CBEB2100A752E1 /* mz_crypt.h */ = {isa = PBXFileReference; fileEncoding = 4; lastKnownFileType = sourcecode.c.h; path = mz_crypt.h; sourceTree = "<group>"; };
		FC57F7ED25CBEB2100A752E1 /* mz_strm_mem.h */ = {isa = PBXFileReference; fileEncoding = 4; lastKnownFileType = sourcecode.c.h; path = mz_strm_mem.h; sourceTree = "<group>"; };
		FC57F7EE25CBEB2100A752E1 /* mz_strm.c */ = {isa = PBXFileReference; fileEncoding = 4; lastKnownFileType = sourcecode.c.c; path = mz_strm.c; sourceTree = "<group>"; };
		FC57F7EF25CBEB2100A752E1 /* mz_strm_os.h */ = {isa = PBXFileReference; fileEncoding = 4; lastKnownFileType = sourcecode.c.h; path = mz_strm_os.h; sourceTree = "<group>"; };
		FC57F7F025CBEB2100A752E1 /* SSZipArchive.h */ = {isa = PBXFileReference; fileEncoding = 4; lastKnownFileType = sourcecode.c.h; path = SSZipArchive.h; sourceTree = "<group>"; };
		FC57F7F125CBEB2100A752E1 /* SSZipCommon.h */ = {isa = PBXFileReference; fileEncoding = 4; lastKnownFileType = sourcecode.c.h; path = SSZipCommon.h; sourceTree = "<group>"; };
		FC57F7F225CBEB2100A752E1 /* SSZipArchive.m */ = {isa = PBXFileReference; fileEncoding = 4; lastKnownFileType = sourcecode.c.objc; path = SSZipArchive.m; sourceTree = "<group>"; };
		FC57F81925CBEC9100A752E1 /* SAMKeychainQuery.m */ = {isa = PBXFileReference; fileEncoding = 4; lastKnownFileType = sourcecode.c.objc; path = SAMKeychainQuery.m; sourceTree = "<group>"; };
		FC57F81A25CBEC9100A752E1 /* SAMKeychain.h */ = {isa = PBXFileReference; fileEncoding = 4; lastKnownFileType = sourcecode.c.h; path = SAMKeychain.h; sourceTree = "<group>"; };
		FC57F81B25CBEC9100A752E1 /* SAMKeychainQuery.h */ = {isa = PBXFileReference; fileEncoding = 4; lastKnownFileType = sourcecode.c.h; path = SAMKeychainQuery.h; sourceTree = "<group>"; };
		FC57F81C25CBEC9100A752E1 /* SAMKeychain.m */ = {isa = PBXFileReference; fileEncoding = 4; lastKnownFileType = sourcecode.c.objc; path = SAMKeychain.m; sourceTree = "<group>"; };
		FC57F81E25CBEC9100A752E1 /* FMDatabase.h */ = {isa = PBXFileReference; fileEncoding = 4; lastKnownFileType = sourcecode.c.h; path = FMDatabase.h; sourceTree = "<group>"; };
		FC57F81F25CBEC9100A752E1 /* FMDatabaseQueue.m */ = {isa = PBXFileReference; fileEncoding = 4; lastKnownFileType = sourcecode.c.objc; path = FMDatabaseQueue.m; sourceTree = "<group>"; };
		FC57F82025CBEC9100A752E1 /* FMResultSet.h */ = {isa = PBXFileReference; fileEncoding = 4; lastKnownFileType = sourcecode.c.h; path = FMResultSet.h; sourceTree = "<group>"; };
		FC57F82125CBEC9100A752E1 /* FMDatabasePool.h */ = {isa = PBXFileReference; fileEncoding = 4; lastKnownFileType = sourcecode.c.h; path = FMDatabasePool.h; sourceTree = "<group>"; };
		FC57F82225CBEC9100A752E1 /* FMDatabaseAdditions.m */ = {isa = PBXFileReference; fileEncoding = 4; lastKnownFileType = sourcecode.c.objc; path = FMDatabaseAdditions.m; sourceTree = "<group>"; };
		FC57F82325CBEC9100A752E1 /* FMDatabase.m */ = {isa = PBXFileReference; fileEncoding = 4; lastKnownFileType = sourcecode.c.objc; path = FMDatabase.m; sourceTree = "<group>"; };
		FC57F82425CBEC9100A752E1 /* FMDatabaseQueue.h */ = {isa = PBXFileReference; fileEncoding = 4; lastKnownFileType = sourcecode.c.h; path = FMDatabaseQueue.h; sourceTree = "<group>"; };
		FC57F82525CBEC9100A752E1 /* FMDB.h */ = {isa = PBXFileReference; fileEncoding = 4; lastKnownFileType = sourcecode.c.h; path = FMDB.h; sourceTree = "<group>"; };
		FC57F82625CBEC9100A752E1 /* FMDatabaseAdditions.h */ = {isa = PBXFileReference; fileEncoding = 4; lastKnownFileType = sourcecode.c.h; path = FMDatabaseAdditions.h; sourceTree = "<group>"; };
		FC57F82725CBEC9100A752E1 /* FMDatabasePool.m */ = {isa = PBXFileReference; fileEncoding = 4; lastKnownFileType = sourcecode.c.objc; path = FMDatabasePool.m; sourceTree = "<group>"; };
		FC57F82825CBEC9100A752E1 /* FMResultSet.m */ = {isa = PBXFileReference; fileEncoding = 4; lastKnownFileType = sourcecode.c.objc; path = FMResultSet.m; sourceTree = "<group>"; };
		FC57F84125CBED5900A752E1 /* Security.framework */ = {isa = PBXFileReference; lastKnownFileType = wrapper.framework; name = Security.framework; path = Platforms/MacOSX.platform/Developer/SDKs/MacOSX10.15.sdk/System/Library/Frameworks/Security.framework; sourceTree = DEVELOPER_DIR; };
		FC57F84325CBED6900A752E1 /* libsqlite3.tbd */ = {isa = PBXFileReference; lastKnownFileType = "sourcecode.text-based-dylib-definition"; name = libsqlite3.tbd; path = Platforms/MacOSX.platform/Developer/SDKs/MacOSX10.15.sdk/usr/lib/libsqlite3.tbd; sourceTree = DEVELOPER_DIR; };
		FC57F84425CBED7A00A752E1 /* libz.tbd */ = {isa = PBXFileReference; lastKnownFileType = "sourcecode.text-based-dylib-definition"; name = libz.tbd; path = Platforms/MacOSX.platform/Developer/SDKs/MacOSX10.15.sdk/usr/lib/libz.tbd; sourceTree = DEVELOPER_DIR; };
		FC57F84A25CBEDCB00A752E1 /* libxml2.tbd */ = {isa = PBXFileReference; lastKnownFileType = "sourcecode.text-based-dylib-definition"; name = libxml2.tbd; path = Platforms/MacOSX.platform/Developer/SDKs/MacOSX10.15.sdk/usr/lib/libxml2.tbd; sourceTree = DEVELOPER_DIR; };
		FC57F84B25CBEDD600A752E1 /* libiconv.tbd */ = {isa = PBXFileReference; lastKnownFileType = "sourcecode.text-based-dylib-definition"; name = libiconv.tbd; path = Platforms/MacOSX.platform/Developer/SDKs/MacOSX10.15.sdk/usr/lib/libiconv.tbd; sourceTree = DEVELOPER_DIR; };
		FC57F84C25CBEDE400A752E1 /* libc++.tbd */ = {isa = PBXFileReference; lastKnownFileType = "sourcecode.text-based-dylib-definition"; name = "libc++.tbd"; path = "Platforms/MacOSX.platform/Developer/SDKs/MacOSX10.15.sdk/usr/lib/libc++.tbd"; sourceTree = DEVELOPER_DIR; };
		FC57F85025CBEE6B00A752E1 /* XDTAFHandler.h */ = {isa = PBXFileReference; lastKnownFileType = sourcecode.c.h; path = XDTAFHandler.h; sourceTree = "<group>"; };
		FC57F85125CBEE6B00A752E1 /* XDTAFHandler.m */ = {isa = PBXFileReference; lastKnownFileType = sourcecode.c.objc; path = XDTAFHandler.m; sourceTree = "<group>"; };
		FC57F85625CBEEBC00A752E1 /* XDTAFFMDBHelper.h */ = {isa = PBXFileReference; lastKnownFileType = sourcecode.c.h; path = XDTAFFMDBHelper.h; sourceTree = "<group>"; };
		FC57F85725CBEEBC00A752E1 /* XDTAFFMDBHelper.m */ = {isa = PBXFileReference; lastKnownFileType = sourcecode.c.objc; path = XDTAFFMDBHelper.m; sourceTree = "<group>"; };
		FC7480BB25C83C8B0097EAEF /* Configs.XDTAF.xcconfig */ = {isa = PBXFileReference; lastKnownFileType = text.xcconfig; path = Configs.XDTAF.xcconfig; sourceTree = "<group>"; };
		FCC4490225C7EA85008B3D02 /* XDTAF.framework */ = {isa = PBXFileReference; explicitFileType = wrapper.framework; includeInIndex = 0; path = XDTAF.framework; sourceTree = BUILT_PRODUCTS_DIR; };
		FCC4490525C7EA85008B3D02 /* XDTAF.h */ = {isa = PBXFileReference; lastKnownFileType = sourcecode.c.h; path = XDTAF.h; sourceTree = "<group>"; };
		FCC4490625C7EA85008B3D02 /* Info.plist */ = {isa = PBXFileReference; lastKnownFileType = text.plist.xml; path = Info.plist; sourceTree = "<group>"; };
/* End PBXFileReference section */

/* Begin PBXFrameworksBuildPhase section */
		FCC448FF25C7EA85008B3D02 /* Frameworks */ = {
			isa = PBXFrameworksBuildPhase;
			buildActionMask = 2147483647;
			files = (
				FC57F84225CBED5900A752E1 /* Security.framework in Frameworks */,
			);
			runOnlyForDeploymentPostprocessing = 0;
		};
/* End PBXFrameworksBuildPhase section */

/* Begin PBXGroup section */
		FC57F7CE25CBE79A00A752E1 /* Thrid */ = {
			isa = PBXGroup;
			children = (
				FC57F81D25CBEC9100A752E1 /* FMDB */,
				FC57F81825CBEC9100A752E1 /* SAMKeychain */,
				FC57F7D025CBEB2100A752E1 /* ZipArchive */,
			);
			path = Thrid;
			sourceTree = "<group>";
		};
		FC57F7CF25CBEB0800A752E1 /* TAF */ = {
			isa = PBXGroup;
			children = (
				FC57F7BC25CBE5FE00A752E1 /* XDTAFNSString.h */,
				FC57F7BD25CBE5FE00A752E1 /* XDTAFNSString.m */,
				FC57F7C125CBE60D00A752E1 /* XDTAFNSData.h */,
				FC57F7C225CBE60D00A752E1 /* XDTAFNSData.m */,
				FC57F7C825CBE74100A752E1 /* XDTAFHash.h */,
				FC57F7C925CBE74100A752E1 /* XDTAFHash.m */,
				FC57F85025CBEE6B00A752E1 /* XDTAFHandler.h */,
				FC57F85125CBEE6B00A752E1 /* XDTAFHandler.m */,
				FC57F85625CBEEBC00A752E1 /* XDTAFFMDBHelper.h */,
				FC57F85725CBEEBC00A752E1 /* XDTAFFMDBHelper.m */,
			);
			path = TAF;
			sourceTree = "<group>";
		};
		FC57F7D025CBEB2100A752E1 /* ZipArchive */ = {
			isa = PBXGroup;
			children = (
				FC57F7D125CBEB2100A752E1 /* minizip */,
				FC57F7F125CBEB2100A752E1 /* SSZipCommon.h */,
				FC57F7F025CBEB2100A752E1 /* SSZipArchive.h */,
				FC57F7F225CBEB2100A752E1 /* SSZipArchive.m */,
			);
			path = ZipArchive;
			sourceTree = "<group>";
		};
		FC57F7D125CBEB2100A752E1 /* minizip */ = {
			isa = PBXGroup;
			children = (
				FC57F7D225CBEB2100A752E1 /* mz_strm_os_posix.c */,
				FC57F7D325CBEB2100A752E1 /* mz_strm_pkcrypt.c */,
				FC57F7D425CBEB2100A752E1 /* mz_strm_wzaes.h */,
				FC57F7D525CBEB2100A752E1 /* mz_compat.h */,
				FC57F7D625CBEB2100A752E1 /* mz_strm_zlib.c */,
				FC57F7D725CBEB2100A752E1 /* mz_zip.c */,
				FC57F7D825CBEB2100A752E1 /* mz_os.h */,
				FC57F7D925CBEB2100A752E1 /* LICENSE */,
				FC57F7DA25CBEB2100A752E1 /* mz_zip_rw.c */,
				FC57F7DB25CBEB2100A752E1 /* mz_strm_split.h */,
				FC57F7DC25CBEB2100A752E1 /* mz_strm_buf.h */,
				FC57F7DD25CBEB2100A752E1 /* mz_crypt_apple.c */,
				FC57F7DE25CBEB2100A752E1 /* mz_strm.h */,
				FC57F7DF25CBEB2100A752E1 /* mz_strm_mem.c */,
				FC57F7E025CBEB2100A752E1 /* mz_crypt.c */,
				FC57F7E125CBEB2100A752E1 /* mz_strm_wzaes.c */,
				FC57F7E225CBEB2100A752E1 /* mz_strm_zlib.h */,
				FC57F7E325CBEB2100A752E1 /* mz_compat.c */,
				FC57F7E425CBEB2100A752E1 /* mz_strm_pkcrypt.h */,
				FC57F7E525CBEB2100A752E1 /* mz_zip_rw.h */,
				FC57F7E625CBEB2100A752E1 /* mz_os.c */,
				FC57F7E725CBEB2100A752E1 /* mz_zip.h */,
				FC57F7E825CBEB2100A752E1 /* mz_os_posix.c */,
				FC57F7E925CBEB2100A752E1 /* mz.h */,
				FC57F7EA25CBEB2100A752E1 /* mz_strm_buf.c */,
				FC57F7EB25CBEB2100A752E1 /* mz_strm_split.c */,
				FC57F7EC25CBEB2100A752E1 /* mz_crypt.h */,
				FC57F7ED25CBEB2100A752E1 /* mz_strm_mem.h */,
				FC57F7EE25CBEB2100A752E1 /* mz_strm.c */,
				FC57F7EF25CBEB2100A752E1 /* mz_strm_os.h */,
			);
			path = minizip;
			sourceTree = "<group>";
		};
		FC57F81825CBEC9100A752E1 /* SAMKeychain */ = {
			isa = PBXGroup;
			children = (
				FC57F81B25CBEC9100A752E1 /* SAMKeychainQuery.h */,
				FC57F81925CBEC9100A752E1 /* SAMKeychainQuery.m */,
				FC57F81A25CBEC9100A752E1 /* SAMKeychain.h */,
				FC57F81C25CBEC9100A752E1 /* SAMKeychain.m */,
			);
			path = SAMKeychain;
			sourceTree = "<group>";
		};
		FC57F81D25CBEC9100A752E1 /* FMDB */ = {
			isa = PBXGroup;
			children = (
				FC57F82525CBEC9100A752E1 /* FMDB.h */,
				FC57F81E25CBEC9100A752E1 /* FMDatabase.h */,
				FC57F82325CBEC9100A752E1 /* FMDatabase.m */,
				FC57F82425CBEC9100A752E1 /* FMDatabaseQueue.h */,
				FC57F81F25CBEC9100A752E1 /* FMDatabaseQueue.m */,
				FC57F82025CBEC9100A752E1 /* FMResultSet.h */,
				FC57F82825CBEC9100A752E1 /* FMResultSet.m */,
				FC57F82625CBEC9100A752E1 /* FMDatabaseAdditions.h */,
				FC57F82225CBEC9100A752E1 /* FMDatabaseAdditions.m */,
				FC57F82125CBEC9100A752E1 /* FMDatabasePool.h */,
				FC57F82725CBEC9100A752E1 /* FMDatabasePool.m */,
			);
			path = FMDB;
			sourceTree = "<group>";
		};
		FC57F84025CBED5800A752E1 /* Frameworks */ = {
			isa = PBXGroup;
			children = (
				FC57F84C25CBEDE400A752E1 /* libc++.tbd */,
				FC57F84B25CBEDD600A752E1 /* libiconv.tbd */,
				FC57F84A25CBEDCB00A752E1 /* libxml2.tbd */,
				FC57F84425CBED7A00A752E1 /* libz.tbd */,
				FC57F84325CBED6900A752E1 /* libsqlite3.tbd */,
				FC57F84125CBED5900A752E1 /* Security.framework */,
			);
			name = Frameworks;
			sourceTree = "<group>";
		};
		FCC448F825C7EA85008B3D02 = {
			isa = PBXGroup;
			children = (
				FCC4490425C7EA85008B3D02 /* XDTAF */,
				FCC4490325C7EA85008B3D02 /* Products */,
				FC57F84025CBED5800A752E1 /* Frameworks */,
			);
			sourceTree = "<group>";
		};
		FCC4490325C7EA85008B3D02 /* Products */ = {
			isa = PBXGroup;
			children = (
				FCC4490225C7EA85008B3D02 /* XDTAF.framework */,
			);
			name = Products;
			sourceTree = "<group>";
		};
		FCC4490425C7EA85008B3D02 /* XDTAF */ = {
			isa = PBXGroup;
			children = (
				FC57F7CF25CBEB0800A752E1 /* TAF */,
				FCC4497F25C8027B008B3D02 /* HTTP */,
				FCC4493925C7EBEA008B3D02 /* Configs */,
				FC57F7CE25CBE79A00A752E1 /* Thrid */,
				FCC4490525C7EA85008B3D02 /* XDTAF.h */,
				FCC4490625C7EA85008B3D02 /* Info.plist */,
			);
			path = XDTAF;
			sourceTree = "<group>";
		};
		FCC4493925C7EBEA008B3D02 /* Configs */ = {
			isa = PBXGroup;
			children = (
				FC7480BB25C83C8B0097EAEF /* Configs.XDTAF.xcconfig */,
			);
			path = Configs;
			sourceTree = "<group>";
		};
		FCC4497F25C8027B008B3D02 /* HTTP */ = {
			isa = PBXGroup;
			children = (
				FC1B567F25C92BAF008E85F5 /* XDTAFHTTP.h */,
				FC1B568025C92BAF008E85F5 /* XDTAFHTTP.m */,
				FC1B567025C8E7BB008E85F5 /* XDTAFHTTPHeader.h */,
				FC1B567125C8E7BB008E85F5 /* XDTAFHTTPHeader.m */,
				FC1B567A25C92963008E85F5 /* XDTAFHTTPRequest.h */,
				FC1B567B25C92963008E85F5 /* XDTAFHTTPRequest.m */,
				FC1B568425C92C5F008E85F5 /* XDTAFHTTPResponse.h */,
				FC1B568525C92C60008E85F5 /* XDTAFHTTPResponse.m */,
				FC1B567525C92648008E85F5 /* XDTAFHTTPCommon.h */,
				FC1B567625C92648008E85F5 /* XDTAFHTTPCommon.m */,
				FC1B568A25C93E3B008E85F5 /* XDTAFHTTPAFNHelper.h */,
				FC1B568B25C93E3B008E85F5 /* XDTAFHTTPAFNHelper.m */,
			);
			path = HTTP;
			sourceTree = "<group>";
		};
/* End PBXGroup section */

/* Begin PBXHeadersBuildPhase section */
		FCC448FD25C7EA85008B3D02 /* Headers */ = {
			isa = PBXHeadersBuildPhase;
			buildActionMask = 2147483647;
			files = (
				FC57F85225CBEE6B00A752E1 /* XDTAFHandler.h in Headers */,
				FC57F80625CBEB2100A752E1 /* mz_zip_rw.h in Headers */,
				FC57F81225CBEB2200A752E1 /* SSZipCommon.h in Headers */,
				FC57F81125CBEB2200A752E1 /* SSZipArchive.h in Headers */,
				FC57F80A25CBEB2200A752E1 /* mz.h in Headers */,
				FC57F80E25CBEB2200A752E1 /* mz_strm_mem.h in Headers */,
				FC57F80D25CBEB2200A752E1 /* mz_crypt.h in Headers */,
				FC57F83425CBEC9100A752E1 /* FMDB.h in Headers */,
				FC1B567C25C92963008E85F5 /* XDTAFHTTPRequest.h in Headers */,
				FC57F82A25CBEC9100A752E1 /* SAMKeychain.h in Headers */,
				FCC4490725C7EA85008B3D02 /* XDTAF.h in Headers */,
				FC57F82F25CBEC9100A752E1 /* FMResultSet.h in Headers */,
				FC57F7BE25CBE5FE00A752E1 /* XDTAFNSString.h in Headers */,
				FC57F81025CBEB2200A752E1 /* mz_strm_os.h in Headers */,
				FC57F7C325CBE60D00A752E1 /* XDTAFNSData.h in Headers */,
				FC1B567225C8E7BB008E85F5 /* XDTAFHTTPHeader.h in Headers */,
				FC57F7FD25CBEB2100A752E1 /* mz_strm_buf.h in Headers */,
				FC1B568625C92C60008E85F5 /* XDTAFHTTPResponse.h in Headers */,
				FC57F7FC25CBEB2100A752E1 /* mz_strm_split.h in Headers */,
				FC57F7F925CBEB2100A752E1 /* mz_os.h in Headers */,
				FC57F7CA25CBE74100A752E1 /* XDTAFHash.h in Headers */,
				FC57F80825CBEB2200A752E1 /* mz_zip.h in Headers */,
				FC57F83325CBEC9100A752E1 /* FMDatabaseQueue.h in Headers */,
				FC57F7F625CBEB2100A752E1 /* mz_compat.h in Headers */,
				FC57F85825CBEEBC00A752E1 /* XDTAFFMDBHelper.h in Headers */,
				FC57F7FF25CBEB2100A752E1 /* mz_strm.h in Headers */,
				FC57F80325CBEB2100A752E1 /* mz_strm_zlib.h in Headers */,
				FC57F80525CBEB2100A752E1 /* mz_strm_pkcrypt.h in Headers */,
				FC57F83525CBEC9100A752E1 /* FMDatabaseAdditions.h in Headers */,
				FC57F82B25CBEC9100A752E1 /* SAMKeychainQuery.h in Headers */,
				FC57F7F525CBEB2100A752E1 /* mz_strm_wzaes.h in Headers */,
				FC1B568C25C93E3B008E85F5 /* XDTAFHTTPAFNHelper.h in Headers */,
				FC57F82D25CBEC9100A752E1 /* FMDatabase.h in Headers */,
				FC1B568125C92BAF008E85F5 /* XDTAFHTTP.h in Headers */,
				FC1B567725C92648008E85F5 /* XDTAFHTTPCommon.h in Headers */,
				FC57F83025CBEC9100A752E1 /* FMDatabasePool.h in Headers */,
			);
			runOnlyForDeploymentPostprocessing = 0;
		};
/* End PBXHeadersBuildPhase section */

/* Begin PBXNativeTarget section */
		FCC4490125C7EA85008B3D02 /* XDTAF */ = {
			isa = PBXNativeTarget;
			buildConfigurationList = FCC4490A25C7EA85008B3D02 /* Build configuration list for PBXNativeTarget "XDTAF" */;
			buildPhases = (
				FCC448FD25C7EA85008B3D02 /* Headers */,
				FCC448FE25C7EA85008B3D02 /* Sources */,
				FCC448FF25C7EA85008B3D02 /* Frameworks */,
				FCC4490025C7EA85008B3D02 /* Resources */,
			);
			buildRules = (
			);
			dependencies = (
			);
			name = XDTAF;
			productName = XDTAF;
			productReference = FCC4490225C7EA85008B3D02 /* XDTAF.framework */;
			productType = "com.apple.product-type.framework";
		};
/* End PBXNativeTarget section */

/* Begin PBXProject section */
		FCC448F925C7EA85008B3D02 /* Project object */ = {
			isa = PBXProject;
			attributes = {
				LastUpgradeCheck = 1200;
				TargetAttributes = {
					FCC4490125C7EA85008B3D02 = {
						CreatedOnToolsVersion = 12.0.1;
					};
				};
			};
			buildConfigurationList = FCC448FC25C7EA85008B3D02 /* Build configuration list for PBXProject "XDTAF" */;
			compatibilityVersion = "Xcode 9.3";
			developmentRegion = en;
			hasScannedForEncodings = 0;
			knownRegions = (
				en,
				Base,
			);
			mainGroup = FCC448F825C7EA85008B3D02;
			productRefGroup = FCC4490325C7EA85008B3D02 /* Products */;
			projectDirPath = "";
			projectRoot = "";
			targets = (
				FCC4490125C7EA85008B3D02 /* XDTAF */,
			);
		};
/* End PBXProject section */

/* Begin PBXResourcesBuildPhase section */
		FCC4490025C7EA85008B3D02 /* Resources */ = {
			isa = PBXResourcesBuildPhase;
			buildActionMask = 2147483647;
			files = (
				FC57F7FA25CBEB2100A752E1 /* LICENSE in Resources */,
				FC7480BC25C83C8B0097EAEF /* Configs.XDTAF.xcconfig in Resources */,
			);
			runOnlyForDeploymentPostprocessing = 0;
		};
/* End PBXResourcesBuildPhase section */

/* Begin PBXSourcesBuildPhase section */
		FCC448FE25C7EA85008B3D02 /* Sources */ = {
			isa = PBXSourcesBuildPhase;
			buildActionMask = 2147483647;
			files = (
				FC57F7C425CBE60D00A752E1 /* XDTAFNSData.m in Sources */,
				FC57F81325CBEB2200A752E1 /* SSZipArchive.m in Sources */,
				FC1B568725C92C60008E85F5 /* XDTAFHTTPResponse.m in Sources */,
				FC57F83225CBEC9100A752E1 /* FMDatabase.m in Sources */,
				FC1B568D25C93E3B008E85F5 /* XDTAFHTTPAFNHelper.m in Sources */,
				FC57F7F725CBEB2100A752E1 /* mz_strm_zlib.c in Sources */,
				FC57F83725CBEC9100A752E1 /* FMResultSet.m in Sources */,
				FC1B567D25C92963008E85F5 /* XDTAFHTTPRequest.m in Sources */,
				FC57F7FB25CBEB2100A752E1 /* mz_zip_rw.c in Sources */,
				FC57F7F825CBEB2100A752E1 /* mz_zip.c in Sources */,
				FC57F7CB25CBE74100A752E1 /* XDTAFHash.m in Sources */,
				FC57F80025CBEB2100A752E1 /* mz_strm_mem.c in Sources */,
				FC57F80925CBEB2200A752E1 /* mz_os_posix.c in Sources */,
				FC57F80C25CBEB2200A752E1 /* mz_strm_split.c in Sources */,
				FC57F80125CBEB2100A752E1 /* mz_crypt.c in Sources */,
				FC57F83625CBEC9100A752E1 /* FMDatabasePool.m in Sources */,
				FC57F82C25CBEC9100A752E1 /* SAMKeychain.m in Sources */,
				FC1B568225C92BAF008E85F5 /* XDTAFHTTP.m in Sources */,
				FC57F7F325CBEB2100A752E1 /* mz_strm_os_posix.c in Sources */,
				FC57F80F25CBEB2200A752E1 /* mz_strm.c in Sources */,
				FC57F85925CBEEBC00A752E1 /* XDTAFFMDBHelper.m in Sources */,
				FC57F82E25CBEC9100A752E1 /* FMDatabaseQueue.m in Sources */,
				FC57F7BF25CBE5FE00A752E1 /* XDTAFNSString.m in Sources */,
				FC57F80225CBEB2100A752E1 /* mz_strm_wzaes.c in Sources */,
				FC57F82925CBEC9100A752E1 /* SAMKeychainQuery.m in Sources */,
				FC57F83125CBEC9100A752E1 /* FMDatabaseAdditions.m in Sources */,
				FC1B567825C92648008E85F5 /* XDTAFHTTPCommon.m in Sources */,
				FC57F7F425CBEB2100A752E1 /* mz_strm_pkcrypt.c in Sources */,
				FC57F80725CBEB2200A752E1 /* mz_os.c in Sources */,
				FC57F7FE25CBEB2100A752E1 /* mz_crypt_apple.c in Sources */,
				FC1B567325C8E7BB008E85F5 /* XDTAFHTTPHeader.m in Sources */,
				FC57F80B25CBEB2200A752E1 /* mz_strm_buf.c in Sources */,
				FC57F85325CBEE6B00A752E1 /* XDTAFHandler.m in Sources */,
				FC57F80425CBEB2100A752E1 /* mz_compat.c in Sources */,
			);
			runOnlyForDeploymentPostprocessing = 0;
		};
/* End PBXSourcesBuildPhase section */

/* Begin XCBuildConfiguration section */
		FCC4490825C7EA85008B3D02 /* Debug */ = {
			isa = XCBuildConfiguration;
			buildSettings = {
				ALWAYS_SEARCH_USER_PATHS = NO;
				CLANG_ANALYZER_NONNULL = YES;
				CLANG_ANALYZER_NUMBER_OBJECT_CONVERSION = YES_AGGRESSIVE;
				CLANG_CXX_LANGUAGE_STANDARD = "gnu++14";
				CLANG_CXX_LIBRARY = "libc++";
				CLANG_ENABLE_MODULES = YES;
				CLANG_ENABLE_OBJC_ARC = YES;
				CLANG_ENABLE_OBJC_WEAK = YES;
				CLANG_WARN_BLOCK_CAPTURE_AUTORELEASING = YES;
				CLANG_WARN_BOOL_CONVERSION = YES;
				CLANG_WARN_COMMA = YES;
				CLANG_WARN_CONSTANT_CONVERSION = YES;
				CLANG_WARN_DEPRECATED_OBJC_IMPLEMENTATIONS = YES;
				CLANG_WARN_DIRECT_OBJC_ISA_USAGE = YES_ERROR;
				CLANG_WARN_DOCUMENTATION_COMMENTS = YES;
				CLANG_WARN_EMPTY_BODY = YES;
				CLANG_WARN_ENUM_CONVERSION = YES;
				CLANG_WARN_INFINITE_RECURSION = YES;
				CLANG_WARN_INT_CONVERSION = YES;
				CLANG_WARN_NON_LITERAL_NULL_CONVERSION = YES;
				CLANG_WARN_OBJC_IMPLICIT_RETAIN_SELF = YES;
				CLANG_WARN_OBJC_LITERAL_CONVERSION = YES;
				CLANG_WARN_OBJC_ROOT_CLASS = YES_ERROR;
				CLANG_WARN_QUOTED_INCLUDE_IN_FRAMEWORK_HEADER = YES;
				CLANG_WARN_RANGE_LOOP_ANALYSIS = YES;
				CLANG_WARN_STRICT_PROTOTYPES = YES;
				CLANG_WARN_SUSPICIOUS_MOVE = YES;
				CLANG_WARN_UNGUARDED_AVAILABILITY = YES_AGGRESSIVE;
				CLANG_WARN_UNREACHABLE_CODE = YES;
				CLANG_WARN__DUPLICATE_METHOD_MATCH = YES;
				COPY_PHASE_STRIP = NO;
				CURRENT_PROJECT_VERSION = 1;
				DEBUG_INFORMATION_FORMAT = dwarf;
				ENABLE_STRICT_OBJC_MSGSEND = YES;
				ENABLE_TESTABILITY = YES;
				GCC_C_LANGUAGE_STANDARD = gnu11;
				GCC_DYNAMIC_NO_PIC = NO;
				GCC_NO_COMMON_BLOCKS = YES;
				GCC_OPTIMIZATION_LEVEL = 0;
				GCC_PREPROCESSOR_DEFINITIONS = (
					"DEBUG=1",
					"$(inherited)",
				);
				GCC_WARN_64_TO_32_BIT_CONVERSION = YES;
				GCC_WARN_ABOUT_RETURN_TYPE = YES_ERROR;
				GCC_WARN_UNDECLARED_SELECTOR = YES;
				GCC_WARN_UNINITIALIZED_AUTOS = YES_AGGRESSIVE;
				GCC_WARN_UNUSED_FUNCTION = YES;
				GCC_WARN_UNUSED_VARIABLE = YES;
				IPHONEOS_DEPLOYMENT_TARGET = 9.0;
				MTL_ENABLE_DEBUG_INFO = INCLUDE_SOURCE;
				MTL_FAST_MATH = YES;
				ONLY_ACTIVE_ARCH = YES;
				SDKROOT = iphoneos;
				VERSIONING_SYSTEM = "apple-generic";
				VERSION_INFO_PREFIX = "";
			};
			name = Debug;
		};
		FCC4490925C7EA85008B3D02 /* Release */ = {
			isa = XCBuildConfiguration;
			buildSettings = {
				ALWAYS_SEARCH_USER_PATHS = NO;
				CLANG_ANALYZER_NONNULL = YES;
				CLANG_ANALYZER_NUMBER_OBJECT_CONVERSION = YES_AGGRESSIVE;
				CLANG_CXX_LANGUAGE_STANDARD = "gnu++14";
				CLANG_CXX_LIBRARY = "libc++";
				CLANG_ENABLE_MODULES = YES;
				CLANG_ENABLE_OBJC_ARC = YES;
				CLANG_ENABLE_OBJC_WEAK = YES;
				CLANG_WARN_BLOCK_CAPTURE_AUTORELEASING = YES;
				CLANG_WARN_BOOL_CONVERSION = YES;
				CLANG_WARN_COMMA = YES;
				CLANG_WARN_CONSTANT_CONVERSION = YES;
				CLANG_WARN_DEPRECATED_OBJC_IMPLEMENTATIONS = YES;
				CLANG_WARN_DIRECT_OBJC_ISA_USAGE = YES_ERROR;
				CLANG_WARN_DOCUMENTATION_COMMENTS = YES;
				CLANG_WARN_EMPTY_BODY = YES;
				CLANG_WARN_ENUM_CONVERSION = YES;
				CLANG_WARN_INFINITE_RECURSION = YES;
				CLANG_WARN_INT_CONVERSION = YES;
				CLANG_WARN_NON_LITERAL_NULL_CONVERSION = YES;
				CLANG_WARN_OBJC_IMPLICIT_RETAIN_SELF = YES;
				CLANG_WARN_OBJC_LITERAL_CONVERSION = YES;
				CLANG_WARN_OBJC_ROOT_CLASS = YES_ERROR;
				CLANG_WARN_QUOTED_INCLUDE_IN_FRAMEWORK_HEADER = YES;
				CLANG_WARN_RANGE_LOOP_ANALYSIS = YES;
				CLANG_WARN_STRICT_PROTOTYPES = YES;
				CLANG_WARN_SUSPICIOUS_MOVE = YES;
				CLANG_WARN_UNGUARDED_AVAILABILITY = YES_AGGRESSIVE;
				CLANG_WARN_UNREACHABLE_CODE = YES;
				CLANG_WARN__DUPLICATE_METHOD_MATCH = YES;
				COPY_PHASE_STRIP = NO;
				CURRENT_PROJECT_VERSION = 1;
				DEBUG_INFORMATION_FORMAT = "dwarf-with-dsym";
				ENABLE_NS_ASSERTIONS = NO;
				ENABLE_STRICT_OBJC_MSGSEND = YES;
				GCC_C_LANGUAGE_STANDARD = gnu11;
				GCC_NO_COMMON_BLOCKS = YES;
				GCC_WARN_64_TO_32_BIT_CONVERSION = YES;
				GCC_WARN_ABOUT_RETURN_TYPE = YES_ERROR;
				GCC_WARN_UNDECLARED_SELECTOR = YES;
				GCC_WARN_UNINITIALIZED_AUTOS = YES_AGGRESSIVE;
				GCC_WARN_UNUSED_FUNCTION = YES;
				GCC_WARN_UNUSED_VARIABLE = YES;
				IPHONEOS_DEPLOYMENT_TARGET = 9.0;
				MTL_ENABLE_DEBUG_INFO = NO;
				MTL_FAST_MATH = YES;
				SDKROOT = iphoneos;
				VALIDATE_PRODUCT = YES;
				VERSIONING_SYSTEM = "apple-generic";
				VERSION_INFO_PREFIX = "";
			};
			name = Release;
		};
		FCC4490B25C7EA85008B3D02 /* Debug */ = {
			isa = XCBuildConfiguration;
			baseConfigurationReference = FC7480BB25C83C8B0097EAEF /* Configs.XDTAF.xcconfig */;
			buildSettings = {
				CODE_SIGN_STYLE = Automatic;
				DEFINES_MODULE = YES;
				DEVELOPMENT_TEAM = W24A4Z79ML;
				DYLIB_COMPATIBILITY_VERSION = 1;
				DYLIB_CURRENT_VERSION = 1;
				DYLIB_INSTALL_NAME_BASE = "@rpath";
				INFOPLIST_FILE = XDTAF/Info.plist;
				INSTALL_PATH = "$(LOCAL_LIBRARY_DIR)/Frameworks";
				LD_RUNPATH_SEARCH_PATHS = (
					"$(inherited)",
					"@executable_path/Frameworks",
					"@loader_path/Frameworks",
				);
				PRODUCT_BUNDLE_IDENTIFIER = com.xiedong.XDTAF;
				PRODUCT_NAME = "$(TARGET_NAME:c99extidentifier)";
				SKIP_INSTALL = YES;
				TARGETED_DEVICE_FAMILY = "1,2";
			};
			name = Debug;
		};
		FCC4490C25C7EA85008B3D02 /* Release */ = {
			isa = XCBuildConfiguration;
			baseConfigurationReference = FC7480BB25C83C8B0097EAEF /* Configs.XDTAF.xcconfig */;
			buildSettings = {
				CODE_SIGN_STYLE = Automatic;
				DEFINES_MODULE = YES;
				DEVELOPMENT_TEAM = W24A4Z79ML;
				DYLIB_COMPATIBILITY_VERSION = 1;
				DYLIB_CURRENT_VERSION = 1;
				DYLIB_INSTALL_NAME_BASE = "@rpath";
				"EXCLUDED_ARCHS[sdk=iphonesimulator*]" = arm64;
				INFOPLIST_FILE = XDTAF/Info.plist;
				INSTALL_PATH = "$(LOCAL_LIBRARY_DIR)/Frameworks";
				LD_RUNPATH_SEARCH_PATHS = (
					"$(inherited)",
					"@executable_path/Frameworks",
					"@loader_path/Frameworks",
				);
				PRODUCT_BUNDLE_IDENTIFIER = com.xiedong.XDTAF;
				PRODUCT_NAME = "$(TARGET_NAME:c99extidentifier)";
				SKIP_INSTALL = YES;
				TARGETED_DEVICE_FAMILY = "1,2";
			};
			name = Release;
		};
/* End XCBuildConfiguration section */

/* Begin XCConfigurationList section */
		FCC448FC25C7EA85008B3D02 /* Build configuration list for PBXProject "XDTAF" */ = {
			isa = XCConfigurationList;
			buildConfigurations = (
				FCC4490825C7EA85008B3D02 /* Debug */,
				FCC4490925C7EA85008B3D02 /* Release */,
			);
			defaultConfigurationIsVisible = 0;
			defaultConfigurationName = Release;
		};
		FCC4490A25C7EA85008B3D02 /* Build configuration list for PBXNativeTarget "XDTAF" */ = {
			isa = XCConfigurationList;
			buildConfigurations = (
				FCC4490B25C7EA85008B3D02 /* Debug */,
				FCC4490C25C7EA85008B3D02 /* Release */,
			);
			defaultConfigurationIsVisible = 0;
			defaultConfigurationName = Release;
		};
/* End XCConfigurationList section */
	};
	rootObject = FCC448F925C7EA85008B3D02 /* Project object */;
}
