// !$*UTF8*$!
{
	archiveVersion = 1;
	classes = {
	};
	objectVersion = 50;
	objects = {

/* Begin PBXBuildFile section */
		FC57F87125CBF61F00A752E1 /* XDTAF.framework in Frameworks */ = {isa = PBXBuildFile; fileRef = FC57F87025CBF61F00A752E1 /* XDTAF.framework */; };
		FC57F87225CBF61F00A752E1 /* XDTAF.framework in Embed Frameworks */ = {isa = PBXBuildFile; fileRef = FC57F87025CBF61F00A752E1 /* XDTAF.framework */; settings = {ATTRIBUTES = (CodeSignOnCopy, RemoveHeadersOnCopy, ); }; };
		FCC4496025C7EE00008B3D02 /* AppDelegate.m in Sources */ = {isa = PBXBuildFile; fileRef = FCC4495F25C7EE00008B3D02 /* AppDelegate.m */; };
		FCC4496325C7EE00008B3D02 /* SceneDelegate.m in Sources */ = {isa = PBXBuildFile; fileRef = FCC4496225C7EE00008B3D02 /* SceneDelegate.m */; };
		FCC4496625C7EE00008B3D02 /* ViewController.m in Sources */ = {isa = PBXBuildFile; fileRef = FCC4496525C7EE00008B3D02 /* ViewController.m */; };
		FCC4496925C7EE00008B3D02 /* Main.storyboard in Resources */ = {isa = PBXBuildFile; fileRef = FCC4496725C7EE00008B3D02 /* Main.storyboard */; };
		FCC4496B25C7EE03008B3D02 /* Assets.xcassets in Resources */ = {isa = PBXBuildFile; fileRef = FCC4496A25C7EE03008B3D02 /* Assets.xcassets */; };
		FCC4496E25C7EE03008B3D02 /* LaunchScreen.storyboard in Resources */ = {isa = PBXBuildFile; fileRef = FCC4496C25C7EE03008B3D02 /* LaunchScreen.storyboard */; };
		FCC4497125C7EE03008B3D02 /* main.m in Sources */ = {isa = PBXBuildFile; fileRef = FCC4497025C7EE03008B3D02 /* main.m */; };
/* End PBXBuildFile section */

/* Begin PBXCopyFilesBuildPhase section */
		FC57F87325CBF61F00A752E1 /* Embed Frameworks */ = {
			isa = PBXCopyFilesBuildPhase;
			buildActionMask = 2147483647;
			dstPath = "";
			dstSubfolderSpec = 10;
			files = (
				FC57F87225CBF61F00A752E1 /* XDTAF.framework in Embed Frameworks */,
			);
			name = "Embed Frameworks";
			runOnlyForDeploymentPostprocessing = 0;
		};
/* End PBXCopyFilesBuildPhase section */

/* Begin PBXFileReference section */
		FC57F87025CBF61F00A752E1 /* XDTAF.framework */ = {isa = PBXFileReference; explicitFileType = wrapper.framework; path = XDTAF.framework; sourceTree = BUILT_PRODUCTS_DIR; };
		FCC4495B25C7EE00008B3D02 /* XDTAFTest.app */ = {isa = PBXFileReference; explicitFileType = wrapper.application; includeInIndex = 0; path = XDTAFTest.app; sourceTree = BUILT_PRODUCTS_DIR; };
		FCC4495E25C7EE00008B3D02 /* AppDelegate.h */ = {isa = PBXFileReference; lastKnownFileType = sourcecode.c.h; path = AppDelegate.h; sourceTree = "<group>"; };
		FCC4495F25C7EE00008B3D02 /* AppDelegate.m */ = {isa = PBXFileReference; lastKnownFileType = sourcecode.c.objc; path = AppDelegate.m; sourceTree = "<group>"; };
		FCC4496125C7EE00008B3D02 /* SceneDelegate.h */ = {isa = PBXFileReference; lastKnownFileType = sourcecode.c.h; path = SceneDelegate.h; sourceTree = "<group>"; };
		FCC4496225C7EE00008B3D02 /* SceneDelegate.m */ = {isa = PBXFileReference; lastKnownFileType = sourcecode.c.objc; path = SceneDelegate.m; sourceTree = "<group>"; };
		FCC4496425C7EE00008B3D02 /* ViewController.h */ = {isa = PBXFileReference; lastKnownFileType = sourcecode.c.h; path = ViewController.h; sourceTree = "<group>"; };
		FCC4496525C7EE00008B3D02 /* ViewController.m */ = {isa = PBXFileReference; lastKnownFileType = sourcecode.c.objc; path = ViewController.m; sourceTree = "<group>"; };
		FCC4496825C7EE00008B3D02 /* Base */ = {isa = PBXFileReference; lastKnownFileType = file.storyboard; name = Base; path = Base.lproj/Main.storyboard; sourceTree = "<group>"; };
		FCC4496A25C7EE03008B3D02 /* Assets.xcassets */ = {isa = PBXFileReference; lastKnownFileType = folder.assetcatalog; path = Assets.xcassets; sourceTree = "<group>"; };
		FCC4496D25C7EE03008B3D02 /* Base */ = {isa = PBXFileReference; lastKnownFileType = file.storyboard; name = Base; path = Base.lproj/LaunchScreen.storyboard; sourceTree = "<group>"; };
		FCC4496F25C7EE03008B3D02 /* Info.plist */ = {isa = PBXFileReference; lastKnownFileType = text.plist.xml; path = Info.plist; sourceTree = "<group>"; };
		FCC4497025C7EE03008B3D02 /* main.m */ = {isa = PBXFileReference; lastKnownFileType = sourcecode.c.objc; path = main.m; sourceTree = "<group>"; };
/* End PBXFileReference section */

/* Begin PBXFrameworksBuildPhase section */
		FCC4495825C7EE00008B3D02 /* Frameworks */ = {
			isa = PBXFrameworksBuildPhase;
			buildActionMask = 2147483647;
			files = (
				FC57F87125CBF61F00A752E1 /* XDTAF.framework in Frameworks */,
			);
			runOnlyForDeploymentPostprocessing = 0;
		};
/* End PBXFrameworksBuildPhase section */

/* Begin PBXGroup section */
		FC57F86F25CBF61E00A752E1 /* Frameworks */ = {
			isa = PBXGroup;
			children = (
				FC57F87025CBF61F00A752E1 /* XDTAF.framework */,
			);
			name = Frameworks;
			sourceTree = "<group>";
		};
		FCC4495225C7EE00008B3D02 = {
			isa = PBXGroup;
			children = (
				FCC4495D25C7EE00008B3D02 /* XDTAFTest */,
				FCC4495C25C7EE00008B3D02 /* Products */,
				FC57F86F25CBF61E00A752E1 /* Frameworks */,
			);
			sourceTree = "<group>";
		};
		FCC4495C25C7EE00008B3D02 /* Products */ = {
			isa = PBXGroup;
			children = (
				FCC4495B25C7EE00008B3D02 /* XDTAFTest.app */,
			);
			name = Products;
			sourceTree = "<group>";
		};
		FCC4495D25C7EE00008B3D02 /* XDTAFTest */ = {
			isa = PBXGroup;
			children = (
				FCC4495E25C7EE00008B3D02 /* AppDelegate.h */,
				FCC4495F25C7EE00008B3D02 /* AppDelegate.m */,
				FCC4496125C7EE00008B3D02 /* SceneDelegate.h */,
				FCC4496225C7EE00008B3D02 /* SceneDelegate.m */,
				FCC4496425C7EE00008B3D02 /* ViewController.h */,
				FCC4496525C7EE00008B3D02 /* ViewController.m */,
				FCC4496725C7EE00008B3D02 /* Main.storyboard */,
				FCC4496A25C7EE03008B3D02 /* Assets.xcassets */,
				FCC4496C25C7EE03008B3D02 /* LaunchScreen.storyboard */,
				FCC4496F25C7EE03008B3D02 /* Info.plist */,
				FCC4497025C7EE03008B3D02 /* main.m */,
			);
			path = XDTAFTest;
			sourceTree = "<group>";
		};
/* End PBXGroup section */

/* Begin PBXNativeTarget section */
		FCC4495A25C7EE00008B3D02 /* XDTAFTest */ = {
			isa = PBXNativeTarget;
			buildConfigurationList = FCC4497425C7EE03008B3D02 /* Build configuration list for PBXNativeTarget "XDTAFTest" */;
			buildPhases = (
				FCC4495725C7EE00008B3D02 /* Sources */,
				FCC4495825C7EE00008B3D02 /* Frameworks */,
				FCC4495925C7EE00008B3D02 /* Resources */,
				FC57F87325CBF61F00A752E1 /* Embed Frameworks */,
			);
			buildRules = (
			);
			dependencies = (
			);
			name = XDTAFTest;
			productName = XDTAFTest;
			productReference = FCC4495B25C7EE00008B3D02 /* XDTAFTest.app */;
			productType = "com.apple.product-type.application";
		};
/* End PBXNativeTarget section */

/* Begin PBXProject section */
		FCC4495325C7EE00008B3D02 /* Project object */ = {
			isa = PBXProject;
			attributes = {
				LastUpgradeCheck = 1200;
				TargetAttributes = {
					FCC4495A25C7EE00008B3D02 = {
						CreatedOnToolsVersion = 12.0.1;
					};
				};
			};
			buildConfigurationList = FCC4495625C7EE00008B3D02 /* Build configuration list for PBXProject "XDTAFTest" */;
			compatibilityVersion = "Xcode 9.3";
			developmentRegion = en;
			hasScannedForEncodings = 0;
			knownRegions = (
				en,
				Base,
			);
			mainGroup = FCC4495225C7EE00008B3D02;
			productRefGroup = FCC4495C25C7EE00008B3D02 /* Products */;
			projectDirPath = "";
			projectRoot = "";
			targets = (
				FCC4495A25C7EE00008B3D02 /* XDTAFTest */,
			);
		};
/* End PBXProject section */

/* Begin PBXResourcesBuildPhase section */
		FCC4495925C7EE00008B3D02 /* Resources */ = {
			isa = PBXResourcesBuildPhase;
			buildActionMask = 2147483647;
			files = (
				FCC4496E25C7EE03008B3D02 /* LaunchScreen.storyboard in Resources */,
				FCC4496B25C7EE03008B3D02 /* Assets.xcassets in Resources */,
				FCC4496925C7EE00008B3D02 /* Main.storyboard in Resources */,
			);
			runOnlyForDeploymentPostprocessing = 0;
		};
/* End PBXResourcesBuildPhase section */

/* Begin PBXSourcesBuildPhase section */
		FCC4495725C7EE00008B3D02 /* Sources */ = {
			isa = PBXSourcesBuildPhase;
			buildActionMask = 2147483647;
			files = (
				FCC4496625C7EE00008B3D02 /* ViewController.m in Sources */,
				FCC4496025C7EE00008B3D02 /* AppDelegate.m in Sources */,
				FCC4497125C7EE03008B3D02 /* main.m in Sources */,
				FCC4496325C7EE00008B3D02 /* SceneDelegate.m in Sources */,
			);
			runOnlyForDeploymentPostprocessing = 0;
		};
/* End PBXSourcesBuildPhase section */

/* Begin PBXVariantGroup section */
		FCC4496725C7EE00008B3D02 /* Main.storyboard */ = {
			isa = PBXVariantGroup;
			children = (
				FCC4496825C7EE00008B3D02 /* Base */,
			);
			name = Main.storyboard;
			sourceTree = "<group>";
		};
		FCC4496C25C7EE03008B3D02 /* LaunchScreen.storyboard */ = {
			isa = PBXVariantGroup;
			children = (
				FCC4496D25C7EE03008B3D02 /* Base */,
			);
			name = LaunchScreen.storyboard;
			sourceTree = "<group>";
		};
/* End PBXVariantGroup section */

/* Begin XCBuildConfiguration section */
		FCC4497225C7EE03008B3D02 /* Debug */ = {
			isa = XCBuildConfiguration;
			buildSettings = {
				ALWAYS_SEARCH_USER_PATHS = NO;
				CLANG_ANALYZER_NONNULL = YES;
				CLANG_ANALYZER_NUMBER_OBJECT_CONVERSION = YES_AGGRESSIVE;
				CLANG_CXX_LANGUAGE_STANDARD = "gnu++14";
				CLANG_CXX_LIBRARY = "libc++";
				CLANG_ENABLE_MODULES = YES;
				CLANG_ENABLE_OBJC_ARC = YES;
				CLANG_ENABLE_OBJC_WEAK = YES;
				CLANG_WARN_BLOCK_CAPTURE_AUTORELEASING = YES;
				CLANG_WARN_BOOL_CONVERSION = YES;
				CLANG_WARN_COMMA = YES;
				CLANG_WARN_CONSTANT_CONVERSION = YES;
				CLANG_WARN_DEPRECATED_OBJC_IMPLEMENTATIONS = YES;
				CLANG_WARN_DIRECT_OBJC_ISA_USAGE = YES_ERROR;
				CLANG_WARN_DOCUMENTATION_COMMENTS = YES;
				CLANG_WARN_EMPTY_BODY = YES;
				CLANG_WARN_ENUM_CONVERSION = YES;
				CLANG_WARN_INFINITE_RECURSION = YES;
				CLANG_WARN_INT_CONVERSION = YES;
				CLANG_WARN_NON_LITERAL_NULL_CONVERSION = YES;
				CLANG_WARN_OBJC_IMPLICIT_RETAIN_SELF = YES;
				CLANG_WARN_OBJC_LITERAL_CONVERSION = YES;
				CLANG_WARN_OBJC_ROOT_CLASS = YES_ERROR;
				CLANG_WARN_QUOTED_INCLUDE_IN_FRAMEWORK_HEADER = YES;
				CLANG_WARN_RANGE_LOOP_ANALYSIS = YES;
				CLANG_WARN_STRICT_PROTOTYPES = YES;
				CLANG_WARN_SUSPICIOUS_MOVE = YES;
				CLANG_WARN_UNGUARDED_AVAILABILITY = YES_AGGRESSIVE;
				CLANG_WARN_UNREACHABLE_CODE = YES;
				CLANG_WARN__DUPLICATE_METHOD_MATCH = YES;
				COPY_PHASE_STRIP = NO;
				DEBUG_INFORMATION_FORMAT = dwarf;
				ENABLE_STRICT_OBJC_MSGSEND = YES;
				ENABLE_TESTABILITY = YES;
				GCC_C_LANGUAGE_STANDARD = gnu11;
				GCC_DYNAMIC_NO_PIC = NO;
				GCC_NO_COMMON_BLOCKS = YES;
				GCC_OPTIMIZATION_LEVEL = 0;
				GCC_PREPROCESSOR_DEFINITIONS = (
					"DEBUG=1",
					"$(inherited)",
				);
				GCC_WARN_64_TO_32_BIT_CONVERSION = YES;
				GCC_WARN_ABOUT_RETURN_TYPE = YES_ERROR;
				GCC_WARN_UNDECLARED_SELECTOR = YES;
				GCC_WARN_UNINITIALIZED_AUTOS = YES_AGGRESSIVE;
				GCC_WARN_UNUSED_FUNCTION = YES;
				GCC_WARN_UNUSED_VARIABLE = YES;
				IPHONEOS_DEPLOYMENT_TARGET = 14.0;
				MTL_ENABLE_DEBUG_INFO = INCLUDE_SOURCE;
				MTL_FAST_MATH = YES;
				ONLY_ACTIVE_ARCH = YES;
				SDKROOT = iphoneos;
			};
			name = Debug;
		};
		FCC4497325C7EE03008B3D02 /* Release */ = {
			isa = XCBuildConfiguration;
			buildSettings = {
				ALWAYS_SEARCH_USER_PATHS = NO;
				CLANG_ANALYZER_NONNULL = YES;
				CLANG_ANALYZER_NUMBER_OBJECT_CONVERSION = YES_AGGRESSIVE;
				CLANG_CXX_LANGUAGE_STANDARD = "gnu++14";
				CLANG_CXX_LIBRARY = "libc++";
				CLANG_ENABLE_MODULES = YES;
				CLANG_ENABLE_OBJC_ARC = YES;
				CLANG_ENABLE_OBJC_WEAK = YES;
				CLANG_WARN_BLOCK_CAPTURE_AUTORELEASING = YES;
				CLANG_WARN_BOOL_CONVERSION = YES;
				CLANG_WARN_COMMA = YES;
				CLANG_WARN_CONSTANT_CONVERSION = YES;
				CLANG_WARN_DEPRECATED_OBJC_IMPLEMENTATIONS = YES;
				CLANG_WARN_DIRECT_OBJC_ISA_USAGE = YES_ERROR;
				CLANG_WARN_DOCUMENTATION_COMMENTS = YES;
				CLANG_WARN_EMPTY_BODY = YES;
				CLANG_WARN_ENUM_CONVERSION = YES;
				CLANG_WARN_INFINITE_RECURSION = YES;
				CLANG_WARN_INT_CONVERSION = YES;
				CLANG_WARN_NON_LITERAL_NULL_CONVERSION = YES;
				CLANG_WARN_OBJC_IMPLICIT_RETAIN_SELF = YES;
				CLANG_WARN_OBJC_LITERAL_CONVERSION = YES;
				CLANG_WARN_OBJC_ROOT_CLASS = YES_ERROR;
				CLANG_WARN_QUOTED_INCLUDE_IN_FRAMEWORK_HEADER = YES;
				CLANG_WARN_RANGE_LOOP_ANALYSIS = YES;
				CLANG_WARN_STRICT_PROTOTYPES = YES;
				CLANG_WARN_SUSPICIOUS_MOVE = YES;
				CLANG_WARN_UNGUARDED_AVAILABILITY = YES_AGGRESSIVE;
				CLANG_WARN_UNREACHABLE_CODE = YES;
				CLANG_WARN__DUPLICATE_METHOD_MATCH = YES;
				COPY_PHASE_STRIP = NO;
				DEBUG_INFORMATION_FORMAT = "dwarf-with-dsym";
				ENABLE_NS_ASSERTIONS = NO;
				ENABLE_STRICT_OBJC_MSGSEND = YES;
				GCC_C_LANGUAGE_STANDARD = gnu11;
				GCC_NO_COMMON_BLOCKS = YES;
				GCC_WARN_64_TO_32_BIT_CONVERSION = YES;
				GCC_WARN_ABOUT_RETURN_TYPE = YES_ERROR;
				GCC_WARN_UNDECLARED_SELECTOR = YES;
				GCC_WARN_UNINITIALIZED_AUTOS = YES_AGGRESSIVE;
				GCC_WARN_UNUSED_FUNCTION = YES;
				GCC_WARN_UNUSED_VARIABLE = YES;
				IPHONEOS_DEPLOYMENT_TARGET = 14.0;
				MTL_ENABLE_DEBUG_INFO = NO;
				MTL_FAST_MATH = YES;
				SDKROOT = iphoneos;
				VALIDATE_PRODUCT = YES;
			};
			name = Release;
		};
		FCC4497525C7EE03008B3D02 /* Debug */ = {
			isa = XCBuildConfiguration;
			buildSettings = {
				ASSETCATALOG_COMPILER_APPICON_NAME = AppIcon;
				ASSETCATALOG_COMPILER_GLOBAL_ACCENT_COLOR_NAME = AccentColor;
				CODE_SIGN_STYLE = Automatic;
				DEVELOPMENT_TEAM = W24A4Z79ML;
				INFOPLIST_FILE = XDTAFTest/Info.plist;
				LD_RUNPATH_SEARCH_PATHS = (
					"$(inherited)",
					"@executable_path/Frameworks",
				);
				PRODUCT_BUNDLE_IDENTIFIER = com.xiedong.XDTAFTest;
				PRODUCT_NAME = "$(TARGET_NAME)";
				TARGETED_DEVICE_FAMILY = "1,2";
			};
			name = Debug;
		};
		FCC4497625C7EE03008B3D02 /* Release */ = {
			isa = XCBuildConfiguration;
			buildSettings = {
				ASSETCATALOG_COMPILER_APPICON_NAME = AppIcon;
				ASSETCATALOG_COMPILER_GLOBAL_ACCENT_COLOR_NAME = AccentColor;
				CODE_SIGN_STYLE = Automatic;
				DEVELOPMENT_TEAM = W24A4Z79ML;
				INFOPLIST_FILE = XDTAFTest/Info.plist;
				LD_RUNPATH_SEARCH_PATHS = (
					"$(inherited)",
					"@executable_path/Frameworks",
				);
				PRODUCT_BUNDLE_IDENTIFIER = com.xiedong.XDTAFTest;
				PRODUCT_NAME = "$(TARGET_NAME)";
				TARGETED_DEVICE_FAMILY = "1,2";
			};
			name = Release;
		};
/* End XCBuildConfiguration section */

/* Begin XCConfigurationList section */
		FCC4495625C7EE00008B3D02 /* Build configuration list for PBXProject "XDTAFTest" */ = {
			isa = XCConfigurationList;
			buildConfigurations = (
				FCC4497225C7EE03008B3D02 /* Debug */,
				FCC4497325C7EE03008B3D02 /* Release */,
			);
			defaultConfigurationIsVisible = 0;
			defaultConfigurationName = Release;
		};
		FCC4497425C7EE03008B3D02 /* Build configuration list for PBXNativeTarget "XDTAFTest" */ = {
			isa = XCConfigurationList;
			buildConfigurations = (
				FCC4497525C7EE03008B3D02 /* Debug */,
				FCC4497625C7EE03008B3D02 /* Release */,
			);
			defaultConfigurationIsVisible = 0;
			defaultConfigurationName = Release;
		};
/* End XCConfigurationList section */
	};
	rootObject = FCC4495325C7EE00008B3D02 /* Project object */;
}
